Microsoft Visual Studio Solution File, Format Version 12.00
# Visual Studio Version 18
VisualStudioVersion = 18.4.11620.152 stable
MinimumVisualStudioVersion = 10.0.40219.1
Project("{8BC9CEB8-8B4A-11D0-8D11-00A0C91BC942}") = "jc_reborn", "jc_reborn\jc_reborn.vcxproj", "{0D42C5BE-AB1B-45F9-AF31-D5A7FA86BAE5}"
EndProject
Project("{8BC9CEB8-8B4A-11D0-8D11-00A0C91BC942}") = "extract_sound", "extract_sound\extract_sound.vcxproj", "{C7E6CC30-058E-486A-B16C-9126AF353B7E}"
EndProject
Project("{8BC9CEB8-8B4A-11D0-8D11-00A0C91BC942}") = "extract_walk_data", "extract_walk_data\extract_walk_data.vcxproj", "{B12D09F8-03ED-4858-86E0-C84C58A7620D}"
EndProject
Global
	GlobalSection(SolutionConfigurationPlatforms) = preSolution
		Debug|Win32 = Debug|Win32
		Debug|x64 = Debug|x64
		Publish|Win32 = Publish|Win32
		Publish|x64 = Publish|x64
		Release|Win32 = Release|Win32
		Release|x64 = Release|x64
	EndGlobalSection
	GlobalSection(ProjectConfigurationPlatforms) = postSolution
		{0D42C5BE-AB1B-45F9-AF31-D5A7FA86BAE5}.Debug|Win32.ActiveCfg = Debug|Win32
		{0D42C5BE-AB1B-45F9-AF31-D5A7FA86BAE5}.Debug|Win32.Build.0 = Debug|Win32
		{0D42C5BE-AB1B-45F9-AF31-D5A7FA86BAE5}.Debug|x64.ActiveCfg = Debug|x64
		{0D42C5BE-AB1B-45F9-AF31-D5A7FA86BAE5}.Debug|x64.Build.0 = Debug|x64
		{0D42C5BE-AB1B-45F9-AF31-D5A7FA86BAE5}.Publish|Win32.ActiveCfg = Publish|x64
		{0D42C5BE-AB1B-45F9-AF31-D5A7FA86BAE5}.Publish|Win32.Build.0 = Publish|x64
		{0D42C5BE-AB1B-45F9-AF31-D5A7FA86BAE5}.Publish|x64.ActiveCfg = Publish|x64
		{0D42C5BE-AB1B-45F9-AF31-D5A7FA86BAE5}.Publish|x64.Build.0 = Publish|x64
		{0D42C5BE-AB1B-45F9-AF31-D5A7FA86BAE5}.Release|Win32.ActiveCfg = Release|Win32
		{0D42C5BE-AB1B-45F9-AF31-D5A7FA86BAE5}.Release|Win32.Build.0 = Release|Win32
		{0D42C5BE-AB1B-45F9-AF31-D5A7FA86BAE5}.Release|x64.ActiveCfg = Release|x64
		{0D42C5BE-AB1B-45F9-AF31-D5A7FA86BAE5}.Release|x64.Build.0 = Release|x64
		{C7E6CC30-058E-486A-B16C-9126AF353B7E}.Debug|Win32.ActiveCfg = Debug|Win32
		{C7E6CC30-058E-486A-B16C-9126AF353B7E}.Debug|Win32.Build.0 = Debug|Win32
		{C7E6CC30-058E-486A-B16C-9126AF353B7E}.Debug|x64.ActiveCfg = Debug|x64
		{C7E6CC30-058E-486A-B16C-9126AF353B7E}.Debug|x64.Build.0 = Debug|x64
		{C7E6CC30-058E-486A-B16C-9126AF353B7E}.Publish|Win32.ActiveCfg = Release|Win32
		{C7E6CC30-058E-486A-B16C-9126AF353B7E}.Publish|Win32.Build.0 = Release|Win32
		{C7E6CC30-058E-486A-B16C-9126AF353B7E}.Publish|x64.ActiveCfg = Release|x64
		{C7E6CC30-058E-486A-B16C-9126AF353B7E}.Publish|x64.Build.0 = Release|x64
		{C7E6CC30-058E-486A-B16C-9126AF353B7E}.Release|Win32.ActiveCfg = Release|Win32
		{C7E6CC30-058E-486A-B16C-9126AF353B7E}.Release|Win32.Build.0 = Release|Win32
		{C7E6CC30-058E-486A-B16C-9126AF353B7E}.Release|x64.ActiveCfg = Release|x64
		{C7E6CC30-058E-486A-B16C-9126AF353B7E}.Release|x64.Build.0 = Release|x64
		{B12D09F8-03ED-4858-86E0-C84C58A7620D}.Debug|Win32.ActiveCfg = Debug|Win32
		{B12D09F8-03ED-4858-86E0-C84C58A7620D}.Debug|Win32.Build.0 = Debug|Win32
		{B12D09F8-03ED-4858-86E0-C84C58A7620D}.Debug|x64.ActiveCfg = Debug|x64
		{B12D09F8-03ED-4858-86E0-C84C58A7620D}.Debug|x64.Build.0 = Debug|x64
		{B12D09F8-03ED-4858-86E0-C84C58A7620D}.Publish|Win32.ActiveCfg = Release|Win32
		{B12D09F8-03ED-4858-86E0-C84C58A7620D}.Publish|Win32.Build.0 = Release|Win32
		{B12D09F8-03ED-4858-86E0-C84C58A7620D}.Publish|x64.ActiveCfg = Release|x64
		{B12D09F8-03ED-4858-86E0-C84C58A7620D}.Publish|x64.Build.0 = Release|x64
		{B12D09F8-03ED-4858-86E0-C84C58A7620D}.Release|Win32.ActiveCfg = Release|Win32
		{B12D09F8-03ED-4858-86E0-C84C58A7620D}.Release|Win32.Build.0 = Release|Win32
		{B12D09F8-03ED-4858-86E0-C84C58A7620D}.Release|x64.ActiveCfg = Release|x64
		{B12D09F8-03ED-4858-86E0-C84C58A7620D}.Release|x64.Build.0 = Release|x64
	EndGlobalSection
	GlobalSection(SolutionProperties) = preSolution
		HideSolutionNode = FALSE
	EndGlobalSection
EndGlobal
